
Microsoft Visual Studio Solution File, Format Version 12.00
# Visual Studio 14
VisualStudioVersion = 14.0.25123.0
MinimumVisualStudioVersion = 10.0.40219.1
Project("{FAE04EC0-301F-11D3-BF4B-00C04F79EFBC}") = "Task02.Logic", "Task02.Logic\Task02.Logic.csproj", "{31CF40D8-6AAD-4978-AC47-15BCAC1E61B8}"
EndProject
Project("{FAE04EC0-301F-11D3-BF4B-00C04F79EFBC}") = "Task02.NUnitTests", "Task02.NUnitTests\Task02.NUnitTests.csproj", "{49507437-6016-4ED6-B8AD-201A5DCD7F6F}"
EndProject
Global
	GlobalSection(SolutionConfigurationPlatforms) = preSolution
		Debug|Any CPU = Debug|Any CPU
		Release|Any CPU = Release|Any CPU
	EndGlobalSection
	GlobalSection(ProjectConfigurationPlatforms) = postSolution
		{31CF40D8-6AAD-4978-AC47-15BCAC1E61B8}.Debug|Any CPU.ActiveCfg = Debug|Any CPU
		{31CF40D8-6AAD-4978-AC47-15BCAC1E61B8}.Debug|Any CPU.Build.0 = Debug|Any CPU
		{31CF40D8-6AAD-4978-AC47-15BCAC1E61B8}.Release|Any CPU.ActiveCfg = Release|Any CPU
		{31CF40D8-6AAD-4978-AC47-15BCAC1E61B8}.Release|Any CPU.Build.0 = Release|Any CPU
		{49507437-6016-4ED6-B8AD-201A5DCD7F6F}.Debug|Any CPU.ActiveCfg = Debug|Any CPU
		{49507437-6016-4ED6-B8AD-201A5DCD7F6F}.Debug|Any CPU.Build.0 = Debug|Any CPU
		{49507437-6016-4ED6-B8AD-201A5DCD7F6F}.Release|Any CPU.ActiveCfg = Release|Any CPU
		{49507437-6016-4ED6-B8AD-201A5DCD7F6F}.Release|Any CPU.Build.0 = Release|Any CPU
	EndGlobalSection
	GlobalSection(SolutionProperties) = preSolution
		HideSolutionNode = FALSE
	EndGlobalSection
EndGlobal
